
Microsoft Visual Studio Solution File, Format Version 12.00
# Visual Studio Version 17
VisualStudioVersion = 17.1.32421.90
MinimumVisualStudioVersion = 10.0.40219.1
Project("{FAE04EC0-301F-11D3-BF4B-00C04F79EFBC}") = "ODataSampleApp", "ODataSampleApp\ODataSampleApp.csproj", "{CD836EFB-9F65-456F-BDFE-02CB9B3AD875}"
EndProject
Project("{FAE04EC0-301F-11D3-BF4B-00C04F79EFBC}") = "Domain", "Domain\Domain.csproj", "{5E7EF60C-376B-40D6-8B09-557765E1E038}"
EndProject
Project("{FAE04EC0-301F-11D3-BF4B-00C04F79EFBC}") = "Application", "Application\Application.csproj", "{CCF77EEC-72F8-4718-82FD-DA26AF78F21D}"
EndProject
Global
	GlobalSection(SolutionConfigurationPlatforms) = preSolution
		Debug|Any CPU = Debug|Any CPU
		Release|Any CPU = Release|Any CPU
	EndGlobalSection
	GlobalSection(ProjectConfigurationPlatforms) = postSolution
		{CD836EFB-9F65-456F-BDFE-02CB9B3AD875}.Debug|Any CPU.ActiveCfg = Debug|Any CPU
		{CD836EFB-9F65-456F-BDFE-02CB9B3AD875}.Debug|Any CPU.Build.0 = Debug|Any CPU
		{CD836EFB-9F65-456F-BDFE-02CB9B3AD875}.Release|Any CPU.ActiveCfg = Release|Any CPU
		{CD836EFB-9F65-456F-BDFE-02CB9B3AD875}.Release|Any CPU.Build.0 = Release|Any CPU
		{5E7EF60C-376B-40D6-8B09-557765E1E038}.Debug|Any CPU.ActiveCfg = Debug|Any CPU
		{5E7EF60C-376B-40D6-8B09-557765E1E038}.Debug|Any CPU.Build.0 = Debug|Any CPU
		{5E7EF60C-376B-40D6-8B09-557765E1E038}.Release|Any CPU.ActiveCfg = Release|Any CPU
		{5E7EF60C-376B-40D6-8B09-557765E1E038}.Release|Any CPU.Build.0 = Release|Any CPU
		{CCF77EEC-72F8-4718-82FD-DA26AF78F21D}.Debug|Any CPU.ActiveCfg = Debug|Any CPU
		{CCF77EEC-72F8-4718-82FD-DA26AF78F21D}.Debug|Any CPU.Build.0 = Debug|Any CPU
		{CCF77EEC-72F8-4718-82FD-DA26AF78F21D}.Release|Any CPU.ActiveCfg = Release|Any CPU
		{CCF77EEC-72F8-4718-82FD-DA26AF78F21D}.Release|Any CPU.Build.0 = Release|Any CPU
	EndGlobalSection
	GlobalSection(SolutionProperties) = preSolution
		HideSolutionNode = FALSE
	EndGlobalSection
	GlobalSection(ExtensibilityGlobals) = postSolution
		SolutionGuid = {650739DD-3446-4370-B9BC-F042AE6F2963}
	EndGlobalSection
EndGlobal
